
Microsoft Visual Studio Solution File, Format Version 12.00
# Visual Studio Version 16
VisualStudioVersion = 16.0.30804.86
MinimumVisualStudioVersion = 10.0.40219.1
Project("{9A19103F-16F7-4668-BE54-9A1E7A4F7556}") = "IdentityServiceApp", "IdentityServiceApp\IdentityServiceApp.csproj", "{D8F51693-4A59-4E65-B85C-C1A71977FC6B}"
EndProject
Project("{FAE04EC0-301F-11D3-BF4B-00C04F79EFBC}") = "IdentityServiceApp.Tests", "IdentityServiceApp.Tests\IdentityServiceApp.Tests.csproj", "{4DCF6727-64CF-47CA-8BA3-9BCA7151CBF9}"
EndProject
Global
	GlobalSection(SolutionConfigurationPlatforms) = preSolution
		Debug|Any CPU = Debug|Any CPU
		Release|Any CPU = Release|Any CPU
	EndGlobalSection
	GlobalSection(ProjectConfigurationPlatforms) = postSolution
		{D8F51693-4A59-4E65-B85C-C1A71977FC6B}.Debug|Any CPU.ActiveCfg = Debug|Any CPU
		{D8F51693-4A59-4E65-B85C-C1A71977FC6B}.Debug|Any CPU.Build.0 = Debug|Any CPU
		{D8F51693-4A59-4E65-B85C-C1A71977FC6B}.Release|Any CPU.ActiveCfg = Release|Any CPU
		{D8F51693-4A59-4E65-B85C-C1A71977FC6B}.Release|Any CPU.Build.0 = Release|Any CPU
		{4DCF6727-64CF-47CA-8BA3-9BCA7151CBF9}.Debug|Any CPU.ActiveCfg = Debug|Any CPU
		{4DCF6727-64CF-47CA-8BA3-9BCA7151CBF9}.Debug|Any CPU.Build.0 = Debug|Any CPU
		{4DCF6727-64CF-47CA-8BA3-9BCA7151CBF9}.Release|Any CPU.ActiveCfg = Release|Any CPU
		{4DCF6727-64CF-47CA-8BA3-9BCA7151CBF9}.Release|Any CPU.Build.0 = Release|Any CPU
	EndGlobalSection
	GlobalSection(SolutionProperties) = preSolution
		HideSolutionNode = FALSE
	EndGlobalSection
	GlobalSection(ExtensibilityGlobals) = postSolution
		SolutionGuid = {2A969F9A-2974-4056-9FE5-1D4161757790}
	EndGlobalSection
EndGlobal
